// !$*UTF8*$!
{
	archiveVersion = 1;
	classes = {
	};
	objectVersion = 56;
	objects = {

/* Begin PBXBuildFile section */
		5BBE18852A07DD6100DEA644 /* HistoryView.swift in Sources */ = {isa = PBXBuildFile; fileRef = 5BBE18842A07DD6100DEA644 /* HistoryView.swift */; };
		5BBFE9142A073BA5008AAFC3 /* WalletView.swift in Sources */ = {isa = PBXBuildFile; fileRef = 5BBFE9132A073BA5008AAFC3 /* WalletView.swift */; };
		5BDA1A772A0C275100F57405 /* Utils.swift in Sources */ = {isa = PBXBuildFile; fileRef = 5BDA1A762A0C275100F57405 /* Utils.swift */; };
		5BE5016A2A0D2FD6004C8AE3 /* Wallet.swift in Sources */ = {isa = PBXBuildFile; fileRef = 5BE501692A0D2FD6004C8AE3 /* Wallet.swift */; };
		5BE5016C2A0D306C004C8AE3 /* WalletViewModel.swift in Sources */ = {isa = PBXBuildFile; fileRef = 5BE5016B2A0D306C004C8AE3 /* WalletViewModel.swift */; };
		5BE5016E2A0D30A8004C8AE3 /* WalletService.swift in Sources */ = {isa = PBXBuildFile; fileRef = 5BE5016D2A0D30A8004C8AE3 /* WalletService.swift */; };
		5BE501712A0D313C004C8AE3 /* History.swift in Sources */ = {isa = PBXBuildFile; fileRef = 5BE501702A0D313C004C8AE3 /* History.swift */; };
		5BE501732A0D318B004C8AE3 /* HistoryViewModel.swift in Sources */ = {isa = PBXBuildFile; fileRef = 5BE501722A0D318B004C8AE3 /* HistoryViewModel.swift */; };
		5BE501752A0D31B1004C8AE3 /* HistoryService.swift in Sources */ = {isa = PBXBuildFile; fileRef = 5BE501742A0D31B1004C8AE3 /* HistoryService.swift */; };
		5BE501772A0D3207004C8AE3 /* WalletHistoryItemView.swift in Sources */ = {isa = PBXBuildFile; fileRef = 5BE501762A0D3207004C8AE3 /* WalletHistoryItemView.swift */; };
		5BE5017A2A0DAA34004C8AE3 /* MoneyMovementView.swift in Sources */ = {isa = PBXBuildFile; fileRef = 5BE501792A0DAA34004C8AE3 /* MoneyMovementView.swift */; };
		861644702A0443510025CC3F /* SignUpView.swift in Sources */ = {isa = PBXBuildFile; fileRef = 8616446F2A0443510025CC3F /* SignUpView.swift */; };
		861644722A0459190025CC3F /* ListOfChildrenView.swift in Sources */ = {isa = PBXBuildFile; fileRef = 861644712A0459190025CC3F /* ListOfChildrenView.swift */; };
		861644742A048F440025CC3F /* Extension.swift in Sources */ = {isa = PBXBuildFile; fileRef = 861644732A048F440025CC3F /* Extension.swift */; };
		865392092A1309310044191D /* SignUpViewModel.swift in Sources */ = {isa = PBXBuildFile; fileRef = 865392082A1309310044191D /* SignUpViewModel.swift */; };
		8653920B2A1309660044191D /* ListOfChildrenViewModel.swift in Sources */ = {isa = PBXBuildFile; fileRef = 8653920A2A1309660044191D /* ListOfChildrenViewModel.swift */; };
		8653920E2A1309E70044191D /* CurrencyUITextField.swift in Sources */ = {isa = PBXBuildFile; fileRef = 8653920D2A1309E70044191D /* CurrencyUITextField.swift */; };
		865392102A130A460044191D /* MoneyMovementViewModel.swift in Sources */ = {isa = PBXBuildFile; fileRef = 8653920F2A130A460044191D /* MoneyMovementViewModel.swift */; };
		865392122A130A8B0044191D /* MoneyMovementModel.swift in Sources */ = {isa = PBXBuildFile; fileRef = 865392112A130A8B0044191D /* MoneyMovementModel.swift */; };
		868D125E2A095F0F00B31520 /* PreviewData.swift in Sources */ = {isa = PBXBuildFile; fileRef = 868D125D2A095F0F00B31520 /* PreviewData.swift */; };
		86A0E1092A04240C009A1107 /* SignInView.swift in Sources */ = {isa = PBXBuildFile; fileRef = 86A0E1082A04240C009A1107 /* SignInView.swift */; };
		86A531E12A030F86003055A1 /* Pocket_MoneyApp.swift in Sources */ = {isa = PBXBuildFile; fileRef = 86A531E02A030F86003055A1 /* Pocket_MoneyApp.swift */; };
		86A531E32A030F86003055A1 /* ContentView.swift in Sources */ = {isa = PBXBuildFile; fileRef = 86A531E22A030F86003055A1 /* ContentView.swift */; };
		86A531E52A030F86003055A1 /* Assets.xcassets in Resources */ = {isa = PBXBuildFile; fileRef = 86A531E42A030F86003055A1 /* Assets.xcassets */; };
		86A531E82A030F86003055A1 /* Preview Assets.xcassets in Resources */ = {isa = PBXBuildFile; fileRef = 86A531E72A030F86003055A1 /* Preview Assets.xcassets */; };
		86DA06FA2A1301CB00E41B75 /* TextFieldBorderIcon.swift in Sources */ = {isa = PBXBuildFile; fileRef = 86DA06F92A1301CB00E41B75 /* TextFieldBorderIcon.swift */; };
		86DA06FC2A13025300E41B75 /* SignInModel.swift in Sources */ = {isa = PBXBuildFile; fileRef = 86DA06FB2A13025300E41B75 /* SignInModel.swift */; };
		86DA06FE2A13028200E41B75 /* SignUpModel.swift in Sources */ = {isa = PBXBuildFile; fileRef = 86DA06FD2A13028200E41B75 /* SignUpModel.swift */; };
		86DA07002A1302D800E41B75 /* ListOfChildrenModel.swift in Sources */ = {isa = PBXBuildFile; fileRef = 86DA06FF2A1302D800E41B75 /* ListOfChildrenModel.swift */; };
		86DA07072A13068500E41B75 /* ContentModel.swift in Sources */ = {isa = PBXBuildFile; fileRef = 86DA07062A13068500E41B75 /* ContentModel.swift */; };
		86DA07092A1306DD00E41B75 /* ContentViewModel.swift in Sources */ = {isa = PBXBuildFile; fileRef = 86DA07082A1306DD00E41B75 /* ContentViewModel.swift */; };
		86DA070B2A1306FD00E41B75 /* SignInViewModel.swift in Sources */ = {isa = PBXBuildFile; fileRef = 86DA070A2A1306FD00E41B75 /* SignInViewModel.swift */; };
/* End PBXBuildFile section */

/* Begin PBXFileReference section */
		5BBE18842A07DD6100DEA644 /* HistoryView.swift */ = {isa = PBXFileReference; lastKnownFileType = sourcecode.swift; path = HistoryView.swift; sourceTree = "<group>"; };
		5BBFE9132A073BA5008AAFC3 /* WalletView.swift */ = {isa = PBXFileReference; fileEncoding = 4; lastKnownFileType = sourcecode.swift; path = WalletView.swift; sourceTree = "<group>"; };
		5BDA1A762A0C275100F57405 /* Utils.swift */ = {isa = PBXFileReference; lastKnownFileType = sourcecode.swift; path = Utils.swift; sourceTree = "<group>"; };
		5BE501692A0D2FD6004C8AE3 /* Wallet.swift */ = {isa = PBXFileReference; lastKnownFileType = sourcecode.swift; path = Wallet.swift; sourceTree = "<group>"; };
		5BE5016B2A0D306C004C8AE3 /* WalletViewModel.swift */ = {isa = PBXFileReference; lastKnownFileType = sourcecode.swift; path = WalletViewModel.swift; sourceTree = "<group>"; };
		5BE5016D2A0D30A8004C8AE3 /* WalletService.swift */ = {isa = PBXFileReference; lastKnownFileType = sourcecode.swift; path = WalletService.swift; sourceTree = "<group>"; };
		5BE501702A0D313C004C8AE3 /* History.swift */ = {isa = PBXFileReference; lastKnownFileType = sourcecode.swift; path = History.swift; sourceTree = "<group>"; };
		5BE501722A0D318B004C8AE3 /* HistoryViewModel.swift */ = {isa = PBXFileReference; lastKnownFileType = sourcecode.swift; path = HistoryViewModel.swift; sourceTree = "<group>"; };
		5BE501742A0D31B1004C8AE3 /* HistoryService.swift */ = {isa = PBXFileReference; lastKnownFileType = sourcecode.swift; path = HistoryService.swift; sourceTree = "<group>"; };
		5BE501762A0D3207004C8AE3 /* WalletHistoryItemView.swift */ = {isa = PBXFileReference; lastKnownFileType = sourcecode.swift; path = WalletHistoryItemView.swift; sourceTree = "<group>"; };
		5BE501792A0DAA34004C8AE3 /* MoneyMovementView.swift */ = {isa = PBXFileReference; lastKnownFileType = sourcecode.swift; path = MoneyMovementView.swift; sourceTree = "<group>"; };
		8616446F2A0443510025CC3F /* SignUpView.swift */ = {isa = PBXFileReference; lastKnownFileType = sourcecode.swift; path = SignUpView.swift; sourceTree = "<group>"; };
		861644712A0459190025CC3F /* ListOfChildrenView.swift */ = {isa = PBXFileReference; lastKnownFileType = sourcecode.swift; path = ListOfChildrenView.swift; sourceTree = "<group>"; };
		861644732A048F440025CC3F /* Extension.swift */ = {isa = PBXFileReference; lastKnownFileType = sourcecode.swift; path = Extension.swift; sourceTree = "<group>"; };
		865392082A1309310044191D /* SignUpViewModel.swift */ = {isa = PBXFileReference; lastKnownFileType = sourcecode.swift; path = SignUpViewModel.swift; sourceTree = "<group>"; };
		8653920A2A1309660044191D /* ListOfChildrenViewModel.swift */ = {isa = PBXFileReference; lastKnownFileType = sourcecode.swift; path = ListOfChildrenViewModel.swift; sourceTree = "<group>"; };
		8653920D2A1309E70044191D /* CurrencyUITextField.swift */ = {isa = PBXFileReference; lastKnownFileType = sourcecode.swift; path = CurrencyUITextField.swift; sourceTree = "<group>"; };
		8653920F2A130A460044191D /* MoneyMovementViewModel.swift */ = {isa = PBXFileReference; lastKnownFileType = sourcecode.swift; path = MoneyMovementViewModel.swift; sourceTree = "<group>"; };
		865392112A130A8B0044191D /* MoneyMovementModel.swift */ = {isa = PBXFileReference; lastKnownFileType = sourcecode.swift; path = MoneyMovementModel.swift; sourceTree = "<group>"; };
		868D125D2A095F0F00B31520 /* PreviewData.swift */ = {isa = PBXFileReference; lastKnownFileType = sourcecode.swift; path = PreviewData.swift; sourceTree = "<group>"; };
		86A0E1082A04240C009A1107 /* SignInView.swift */ = {isa = PBXFileReference; lastKnownFileType = sourcecode.swift; path = SignInView.swift; sourceTree = "<group>"; };
		86A531DD2A030F86003055A1 /* Pocket Money.app */ = {isa = PBXFileReference; explicitFileType = wrapper.application; includeInIndex = 0; path = "Pocket Money.app"; sourceTree = BUILT_PRODUCTS_DIR; };
		86A531E02A030F86003055A1 /* Pocket_MoneyApp.swift */ = {isa = PBXFileReference; lastKnownFileType = sourcecode.swift; path = Pocket_MoneyApp.swift; sourceTree = "<group>"; };
		86A531E22A030F86003055A1 /* ContentView.swift */ = {isa = PBXFileReference; lastKnownFileType = sourcecode.swift; path = ContentView.swift; sourceTree = "<group>"; };
		86A531E42A030F86003055A1 /* Assets.xcassets */ = {isa = PBXFileReference; lastKnownFileType = folder.assetcatalog; path = Assets.xcassets; sourceTree = "<group>"; };
		86A531E72A030F86003055A1 /* Preview Assets.xcassets */ = {isa = PBXFileReference; lastKnownFileType = folder.assetcatalog; path = "Preview Assets.xcassets"; sourceTree = "<group>"; };
		86DA06F92A1301CB00E41B75 /* TextFieldBorderIcon.swift */ = {isa = PBXFileReference; lastKnownFileType = sourcecode.swift; path = TextFieldBorderIcon.swift; sourceTree = "<group>"; };
		86DA06FB2A13025300E41B75 /* SignInModel.swift */ = {isa = PBXFileReference; lastKnownFileType = sourcecode.swift; path = SignInModel.swift; sourceTree = "<group>"; };
		86DA06FD2A13028200E41B75 /* SignUpModel.swift */ = {isa = PBXFileReference; lastKnownFileType = sourcecode.swift; path = SignUpModel.swift; sourceTree = "<group>"; };
		86DA06FF2A1302D800E41B75 /* ListOfChildrenModel.swift */ = {isa = PBXFileReference; lastKnownFileType = sourcecode.swift; path = ListOfChildrenModel.swift; sourceTree = "<group>"; };
		86DA07062A13068500E41B75 /* ContentModel.swift */ = {isa = PBXFileReference; lastKnownFileType = sourcecode.swift; path = ContentModel.swift; sourceTree = "<group>"; };
		86DA07082A1306DD00E41B75 /* ContentViewModel.swift */ = {isa = PBXFileReference; lastKnownFileType = sourcecode.swift; path = ContentViewModel.swift; sourceTree = "<group>"; };
		86DA070A2A1306FD00E41B75 /* SignInViewModel.swift */ = {isa = PBXFileReference; lastKnownFileType = sourcecode.swift; path = SignInViewModel.swift; sourceTree = "<group>"; };
/* End PBXFileReference section */

/* Begin PBXFrameworksBuildPhase section */
		86A531DA2A030F86003055A1 /* Frameworks */ = {
			isa = PBXFrameworksBuildPhase;
			buildActionMask = 2147483647;
			files = (
			);
			runOnlyForDeploymentPostprocessing = 0;
		};
/* End PBXFrameworksBuildPhase section */

/* Begin PBXGroup section */
		5BE501612A0D2E62004C8AE3 /* View */ = {
			isa = PBXGroup;
			children = (
				5BE501622A0D2E8C004C8AE3 /* Shared */,
				5BE501632A0D2EA2004C8AE3 /* Screens */,
			);
			path = View;
			sourceTree = "<group>";
		};
		5BE501622A0D2E8C004C8AE3 /* Shared */ = {
			isa = PBXGroup;
			children = (
				8653920C2A1309900044191D /* UIkit */,
				5BE501762A0D3207004C8AE3 /* WalletHistoryItemView.swift */,
				86DA06F92A1301CB00E41B75 /* TextFieldBorderIcon.swift */,
			);
			path = Shared;
			sourceTree = "<group>";
		};
		5BE501632A0D2EA2004C8AE3 /* Screens */ = {
			isa = PBXGroup;
			children = (
				86DA07052A13062600E41B75 /* ContentView */,
				86DA07042A1305EB00E41B75 /* SignIn */,
				86DA07032A1305A300E41B75 /* SignUp */,
				86DA07022A13057B00E41B75 /* ListOfChildren */,
				5BE501782A0DA9FD004C8AE3 /* MoneyMovement */,
				5BE501682A0D2F97004C8AE3 /* Wallet */,
				5BE5016F2A0D3103004C8AE3 /* History */,
			);
			path = Screens;
			sourceTree = "<group>";
		};
		5BE501642A0D2ED0004C8AE3 /* Model */ = {
			isa = PBXGroup;
			children = (
				5BE501692A0D2FD6004C8AE3 /* Wallet.swift */,
				5BE501702A0D313C004C8AE3 /* History.swift */,
				86DA06FB2A13025300E41B75 /* SignInModel.swift */,
				86DA06FD2A13028200E41B75 /* SignUpModel.swift */,
				86DA06FF2A1302D800E41B75 /* ListOfChildrenModel.swift */,
				86DA07062A13068500E41B75 /* ContentModel.swift */,
				865392112A130A8B0044191D /* MoneyMovementModel.swift */,
			);
			path = Model;
			sourceTree = "<group>";
		};
		5BE501652A0D2ED8004C8AE3 /* Resources */ = {
			isa = PBXGroup;
			children = (
				86A531E42A030F86003055A1 /* Assets.xcassets */,
			);
			path = Resources;
			sourceTree = "<group>";
		};
		5BE501662A0D2F1B004C8AE3 /* Services */ = {
			isa = PBXGroup;
			children = (
				5BE5016D2A0D30A8004C8AE3 /* WalletService.swift */,
				5BE501742A0D31B1004C8AE3 /* HistoryService.swift */,
			);
			path = Services;
			sourceTree = "<group>";
		};
		5BE501672A0D2F26004C8AE3 /* Utilities */ = {
			isa = PBXGroup;
			children = (
				861644732A048F440025CC3F /* Extension.swift */,
				5BDA1A762A0C275100F57405 /* Utils.swift */,
			);
			path = Utilities;
			sourceTree = "<group>";
		};
		5BE501682A0D2F97004C8AE3 /* Wallet */ = {
			isa = PBXGroup;
			children = (
				5BBFE9132A073BA5008AAFC3 /* WalletView.swift */,
				5BE5016B2A0D306C004C8AE3 /* WalletViewModel.swift */,
			);
			path = Wallet;
			sourceTree = "<group>";
		};
		5BE5016F2A0D3103004C8AE3 /* History */ = {
			isa = PBXGroup;
			children = (
				5BBE18842A07DD6100DEA644 /* HistoryView.swift */,
				5BE501722A0D318B004C8AE3 /* HistoryViewModel.swift */,
			);
			path = History;
			sourceTree = "<group>";
		};
		5BE501782A0DA9FD004C8AE3 /* MoneyMovement */ = {
			isa = PBXGroup;
			children = (
				5BE501792A0DAA34004C8AE3 /* MoneyMovementView.swift */,
				8653920F2A130A460044191D /* MoneyMovementViewModel.swift */,
			);
			path = MoneyMovement;
			sourceTree = "<group>";
		};
		8653920C2A1309900044191D /* UIkit */ = {
			isa = PBXGroup;
			children = (
				8653920D2A1309E70044191D /* CurrencyUITextField.swift */,
			);
			path = UIkit;
			sourceTree = "<group>";
		};
		86A531D42A030F86003055A1 = {
			isa = PBXGroup;
			children = (
				86A531DF2A030F86003055A1 /* Pocket Money */,
				86A531DE2A030F86003055A1 /* Products */,
			);
			sourceTree = "<group>";
		};
		86A531DE2A030F86003055A1 /* Products */ = {
			isa = PBXGroup;
			children = (
				86A531DD2A030F86003055A1 /* Pocket Money.app */,
			);
			name = Products;
			sourceTree = "<group>";
		};
		86A531DF2A030F86003055A1 /* Pocket Money */ = {
			isa = PBXGroup;
			children = (
				5BE501612A0D2E62004C8AE3 /* View */,
				5BE501642A0D2ED0004C8AE3 /* Model */,
				5BE501662A0D2F1B004C8AE3 /* Services */,
				5BE501672A0D2F26004C8AE3 /* Utilities */,
				5BE501652A0D2ED8004C8AE3 /* Resources */,
				86A531E02A030F86003055A1 /* Pocket_MoneyApp.swift */,
				86A531E62A030F86003055A1 /* Preview Content */,
			);
			path = "Pocket Money";
			sourceTree = "<group>";
		};
		86A531E62A030F86003055A1 /* Preview Content */ = {
			isa = PBXGroup;
			children = (
				86A531E72A030F86003055A1 /* Preview Assets.xcassets */,
				868D125D2A095F0F00B31520 /* PreviewData.swift */,
			);
			path = "Preview Content";
			sourceTree = "<group>";
		};
		86DA07022A13057B00E41B75 /* ListOfChildren */ = {
			isa = PBXGroup;
			children = (
				861644712A0459190025CC3F /* ListOfChildrenView.swift */,
				8653920A2A1309660044191D /* ListOfChildrenViewModel.swift */,
			);
			path = ListOfChildren;
			sourceTree = "<group>";
		};
		86DA07032A1305A300E41B75 /* SignUp */ = {
			isa = PBXGroup;
			children = (
				8616446F2A0443510025CC3F /* SignUpView.swift */,
				865392082A1309310044191D /* SignUpViewModel.swift */,
			);
			path = SignUp;
			sourceTree = "<group>";
		};
		86DA07042A1305EB00E41B75 /* SignIn */ = {
			isa = PBXGroup;
			children = (
				86A0E1082A04240C009A1107 /* SignInView.swift */,
				86DA070A2A1306FD00E41B75 /* SignInViewModel.swift */,
			);
			path = SignIn;
			sourceTree = "<group>";
		};
		86DA07052A13062600E41B75 /* ContentView */ = {
			isa = PBXGroup;
			children = (
				86A531E22A030F86003055A1 /* ContentView.swift */,
				86DA07082A1306DD00E41B75 /* ContentViewModel.swift */,
			);
			path = ContentView;
			sourceTree = "<group>";
		};
/* End PBXGroup section */

/* Begin PBXNativeTarget section */
		86A531DC2A030F86003055A1 /* Pocket Money */ = {
			isa = PBXNativeTarget;
			buildConfigurationList = 86A531EB2A030F86003055A1 /* Build configuration list for PBXNativeTarget "Pocket Money" */;
			buildPhases = (
				86A531D92A030F86003055A1 /* Sources */,
				86A531DA2A030F86003055A1 /* Frameworks */,
				86A531DB2A030F86003055A1 /* Resources */,
			);
			buildRules = (
			);
			dependencies = (
			);
			name = "Pocket Money";
			productName = "Pocket Money";
			productReference = 86A531DD2A030F86003055A1 /* Pocket Money.app */;
			productType = "com.apple.product-type.application";
		};
/* End PBXNativeTarget section */

/* Begin PBXProject section */
		86A531D52A030F86003055A1 /* Project object */ = {
			isa = PBXProject;
			attributes = {
				BuildIndependentTargetsInParallel = 1;
				LastSwiftUpdateCheck = 1430;
				LastUpgradeCheck = 1430;
				TargetAttributes = {
					86A531DC2A030F86003055A1 = {
						CreatedOnToolsVersion = 14.3;
					};
				};
			};
			buildConfigurationList = 86A531D82A030F86003055A1 /* Build configuration list for PBXProject "Pocket Money" */;
			compatibilityVersion = "Xcode 14.0";
			developmentRegion = en;
			hasScannedForEncodings = 0;
			knownRegions = (
				en,
				Base,
			);
			mainGroup = 86A531D42A030F86003055A1;
			productRefGroup = 86A531DE2A030F86003055A1 /* Products */;
			projectDirPath = "";
			projectRoot = "";
			targets = (
				86A531DC2A030F86003055A1 /* Pocket Money */,
			);
		};
/* End PBXProject section */

/* Begin PBXResourcesBuildPhase section */
		86A531DB2A030F86003055A1 /* Resources */ = {
			isa = PBXResourcesBuildPhase;
			buildActionMask = 2147483647;
			files = (
				86A531E82A030F86003055A1 /* Preview Assets.xcassets in Resources */,
				86A531E52A030F86003055A1 /* Assets.xcassets in Resources */,
			);
			runOnlyForDeploymentPostprocessing = 0;
		};
/* End PBXResourcesBuildPhase section */

/* Begin PBXSourcesBuildPhase section */
		86A531D92A030F86003055A1 /* Sources */ = {
			isa = PBXSourcesBuildPhase;
			buildActionMask = 2147483647;
			files = (
				865392102A130A460044191D /* MoneyMovementViewModel.swift in Sources */,
				5BBFE9142A073BA5008AAFC3 /* WalletView.swift in Sources */,
				861644722A0459190025CC3F /* ListOfChildrenView.swift in Sources */,
				5BE5017A2A0DAA34004C8AE3 /* MoneyMovementView.swift in Sources */,
				8653920B2A1309660044191D /* ListOfChildrenViewModel.swift in Sources */,
				5BE501752A0D31B1004C8AE3 /* HistoryService.swift in Sources */,
				5BE501712A0D313C004C8AE3 /* History.swift in Sources */,
				865392122A130A8B0044191D /* MoneyMovementModel.swift in Sources */,
				86DA07002A1302D800E41B75 /* ListOfChildrenModel.swift in Sources */,
				86A0E1092A04240C009A1107 /* SignInView.swift in Sources */,
				5BE501772A0D3207004C8AE3 /* WalletHistoryItemView.swift in Sources */,
				86DA07092A1306DD00E41B75 /* ContentViewModel.swift in Sources */,
				5BE5016A2A0D2FD6004C8AE3 /* Wallet.swift in Sources */,
				861644702A0443510025CC3F /* SignUpView.swift in Sources */,
				86DA06FC2A13025300E41B75 /* SignInModel.swift in Sources */,
				861644742A048F440025CC3F /* Extension.swift in Sources */,
				86DA07072A13068500E41B75 /* ContentModel.swift in Sources */,
				865392092A1309310044191D /* SignUpViewModel.swift in Sources */,
				86DA070B2A1306FD00E41B75 /* SignInViewModel.swift in Sources */,
				86DA06FA2A1301CB00E41B75 /* TextFieldBorderIcon.swift in Sources */,
				5BDA1A772A0C275100F57405 /* Utils.swift in Sources */,
				868D125E2A095F0F00B31520 /* PreviewData.swift in Sources */,
				5BE5016E2A0D30A8004C8AE3 /* WalletService.swift in Sources */,
				86DA06FE2A13028200E41B75 /* SignUpModel.swift in Sources */,
				5BE501732A0D318B004C8AE3 /* HistoryViewModel.swift in Sources */,
				5BBE18852A07DD6100DEA644 /* HistoryView.swift in Sources */,
				5BE5016C2A0D306C004C8AE3 /* WalletViewModel.swift in Sources */,
				86A531E32A030F86003055A1 /* ContentView.swift in Sources */,
				8653920E2A1309E70044191D /* CurrencyUITextField.swift in Sources */,
				86A531E12A030F86003055A1 /* Pocket_MoneyApp.swift in Sources */,
			);
			runOnlyForDeploymentPostprocessing = 0;
		};
/* End PBXSourcesBuildPhase section */

/* Begin XCBuildConfiguration section */
		86A531E92A030F86003055A1 /* Debug */ = {
			isa = XCBuildConfiguration;
			buildSettings = {
				ALWAYS_SEARCH_USER_PATHS = NO;
				CLANG_ANALYZER_NONNULL = YES;
				CLANG_ANALYZER_NUMBER_OBJECT_CONVERSION = YES_AGGRESSIVE;
				CLANG_CXX_LANGUAGE_STANDARD = "gnu++20";
				CLANG_ENABLE_MODULES = YES;
				CLANG_ENABLE_OBJC_ARC = YES;
				CLANG_ENABLE_OBJC_WEAK = YES;
				CLANG_WARN_BLOCK_CAPTURE_AUTORELEASING = YES;
				CLANG_WARN_BOOL_CONVERSION = YES;
				CLANG_WARN_COMMA = YES;
				CLANG_WARN_CONSTANT_CONVERSION = YES;
				CLANG_WARN_DEPRECATED_OBJC_IMPLEMENTATIONS = YES;
				CLANG_WARN_DIRECT_OBJC_ISA_USAGE = YES_ERROR;
				CLANG_WARN_DOCUMENTATION_COMMENTS = YES;
				CLANG_WARN_EMPTY_BODY = YES;
				CLANG_WARN_ENUM_CONVERSION = YES;
				CLANG_WARN_INFINITE_RECURSION = YES;
				CLANG_WARN_INT_CONVERSION = YES;
				CLANG_WARN_NON_LITERAL_NULL_CONVERSION = YES;
				CLANG_WARN_OBJC_IMPLICIT_RETAIN_SELF = YES;
				CLANG_WARN_OBJC_LITERAL_CONVERSION = YES;
				CLANG_WARN_OBJC_ROOT_CLASS = YES_ERROR;
				CLANG_WARN_QUOTED_INCLUDE_IN_FRAMEWORK_HEADER = YES;
				CLANG_WARN_RANGE_LOOP_ANALYSIS = YES;
				CLANG_WARN_STRICT_PROTOTYPES = YES;
				CLANG_WARN_SUSPICIOUS_MOVE = YES;
				CLANG_WARN_UNGUARDED_AVAILABILITY = YES_AGGRESSIVE;
				CLANG_WARN_UNREACHABLE_CODE = YES;
				CLANG_WARN__DUPLICATE_METHOD_MATCH = YES;
				COPY_PHASE_STRIP = NO;
				DEBUG_INFORMATION_FORMAT = dwarf;
				ENABLE_STRICT_OBJC_MSGSEND = YES;
				ENABLE_TESTABILITY = YES;
				GCC_C_LANGUAGE_STANDARD = gnu11;
				GCC_DYNAMIC_NO_PIC = NO;
				GCC_NO_COMMON_BLOCKS = YES;
				GCC_OPTIMIZATION_LEVEL = 0;
				GCC_PREPROCESSOR_DEFINITIONS = (
					"DEBUG=1",
					"$(inherited)",
				);
				GCC_WARN_64_TO_32_BIT_CONVERSION = YES;
				GCC_WARN_ABOUT_RETURN_TYPE = YES_ERROR;
				GCC_WARN_UNDECLARED_SELECTOR = YES;
				GCC_WARN_UNINITIALIZED_AUTOS = YES_AGGRESSIVE;
				GCC_WARN_UNUSED_FUNCTION = YES;
				GCC_WARN_UNUSED_VARIABLE = YES;
				IPHONEOS_DEPLOYMENT_TARGET = 16.4;
				MTL_ENABLE_DEBUG_INFO = INCLUDE_SOURCE;
				MTL_FAST_MATH = YES;
				ONLY_ACTIVE_ARCH = YES;
				SDKROOT = iphoneos;
				SWIFT_ACTIVE_COMPILATION_CONDITIONS = DEBUG;
				SWIFT_OPTIMIZATION_LEVEL = "-Onone";
			};
			name = Debug;
		};
		86A531EA2A030F86003055A1 /* Release */ = {
			isa = XCBuildConfiguration;
			buildSettings = {
				ALWAYS_SEARCH_USER_PATHS = NO;
				CLANG_ANALYZER_NONNULL = YES;
				CLANG_ANALYZER_NUMBER_OBJECT_CONVERSION = YES_AGGRESSIVE;
				CLANG_CXX_LANGUAGE_STANDARD = "gnu++20";
				CLANG_ENABLE_MODULES = YES;
				CLANG_ENABLE_OBJC_ARC = YES;
				CLANG_ENABLE_OBJC_WEAK = YES;
				CLANG_WARN_BLOCK_CAPTURE_AUTORELEASING = YES;
				CLANG_WARN_BOOL_CONVERSION = YES;
				CLANG_WARN_COMMA = YES;
				CLANG_WARN_CONSTANT_CONVERSION = YES;
				CLANG_WARN_DEPRECATED_OBJC_IMPLEMENTATIONS = YES;
				CLANG_WARN_DIRECT_OBJC_ISA_USAGE = YES_ERROR;
				CLANG_WARN_DOCUMENTATION_COMMENTS = YES;
				CLANG_WARN_EMPTY_BODY = YES;
				CLANG_WARN_ENUM_CONVERSION = YES;
				CLANG_WARN_INFINITE_RECURSION = YES;
				CLANG_WARN_INT_CONVERSION = YES;
				CLANG_WARN_NON_LITERAL_NULL_CONVERSION = YES;
				CLANG_WARN_OBJC_IMPLICIT_RETAIN_SELF = YES;
				CLANG_WARN_OBJC_LITERAL_CONVERSION = YES;
				CLANG_WARN_OBJC_ROOT_CLASS = YES_ERROR;
				CLANG_WARN_QUOTED_INCLUDE_IN_FRAMEWORK_HEADER = YES;
				CLANG_WARN_RANGE_LOOP_ANALYSIS = YES;
				CLANG_WARN_STRICT_PROTOTYPES = YES;
				CLANG_WARN_SUSPICIOUS_MOVE = YES;
				CLANG_WARN_UNGUARDED_AVAILABILITY = YES_AGGRESSIVE;
				CLANG_WARN_UNREACHABLE_CODE = YES;
				CLANG_WARN__DUPLICATE_METHOD_MATCH = YES;
				COPY_PHASE_STRIP = NO;
				DEBUG_INFORMATION_FORMAT = "dwarf-with-dsym";
				ENABLE_NS_ASSERTIONS = NO;
				ENABLE_STRICT_OBJC_MSGSEND = YES;
				GCC_C_LANGUAGE_STANDARD = gnu11;
				GCC_NO_COMMON_BLOCKS = YES;
				GCC_WARN_64_TO_32_BIT_CONVERSION = YES;
				GCC_WARN_ABOUT_RETURN_TYPE = YES_ERROR;
				GCC_WARN_UNDECLARED_SELECTOR = YES;
				GCC_WARN_UNINITIALIZED_AUTOS = YES_AGGRESSIVE;
				GCC_WARN_UNUSED_FUNCTION = YES;
				GCC_WARN_UNUSED_VARIABLE = YES;
				IPHONEOS_DEPLOYMENT_TARGET = 16.4;
				MTL_ENABLE_DEBUG_INFO = NO;
				MTL_FAST_MATH = YES;
				SDKROOT = iphoneos;
				SWIFT_COMPILATION_MODE = wholemodule;
				SWIFT_OPTIMIZATION_LEVEL = "-O";
				VALIDATE_PRODUCT = YES;
			};
			name = Release;
		};
		86A531EC2A030F86003055A1 /* Debug */ = {
			isa = XCBuildConfiguration;
			buildSettings = {
				ASSETCATALOG_COMPILER_APPICON_NAME = AppIcon;
				ASSETCATALOG_COMPILER_GLOBAL_ACCENT_COLOR_NAME = AccentColor;
				CODE_SIGN_STYLE = Automatic;
				CURRENT_PROJECT_VERSION = 1;
				DEVELOPMENT_ASSET_PATHS = "\"Pocket Money/Preview Content\"";
				DEVELOPMENT_TEAM = HKZ3H45X9K;
				ENABLE_PREVIEWS = YES;
				GENERATE_INFOPLIST_FILE = YES;
				INFOPLIST_KEY_UIApplicationSceneManifest_Generation = YES;
				INFOPLIST_KEY_UIApplicationSupportsIndirectInputEvents = YES;
				INFOPLIST_KEY_UILaunchScreen_Generation = YES;
				INFOPLIST_KEY_UISupportedInterfaceOrientations_iPad = "UIInterfaceOrientationPortrait UIInterfaceOrientationPortraitUpsideDown UIInterfaceOrientationLandscapeLeft UIInterfaceOrientationLandscapeRight";
				INFOPLIST_KEY_UISupportedInterfaceOrientations_iPhone = "UIInterfaceOrientationPortrait UIInterfaceOrientationLandscapeLeft UIInterfaceOrientationLandscapeRight";
				LD_RUNPATH_SEARCH_PATHS = (
					"$(inherited)",
					"@executable_path/Frameworks",
				);
				MARKETING_VERSION = 1.0;
				PRODUCT_BUNDLE_IDENTIFIER = "br.com.pocket.Pocket-Money";
				PRODUCT_NAME = "$(TARGET_NAME)";
				SWIFT_EMIT_LOC_STRINGS = YES;
				SWIFT_VERSION = 5.0;
				TARGETED_DEVICE_FAMILY = "1,2";
			};
			name = Debug;
		};
		86A531ED2A030F86003055A1 /* Release */ = {
			isa = XCBuildConfiguration;
			buildSettings = {
				ASSETCATALOG_COMPILER_APPICON_NAME = AppIcon;
				ASSETCATALOG_COMPILER_GLOBAL_ACCENT_COLOR_NAME = AccentColor;
				CODE_SIGN_STYLE = Automatic;
				CURRENT_PROJECT_VERSION = 1;
				DEVELOPMENT_ASSET_PATHS = "\"Pocket Money/Preview Content\"";
				DEVELOPMENT_TEAM = HKZ3H45X9K;
				ENABLE_PREVIEWS = YES;
				GENERATE_INFOPLIST_FILE = YES;
				INFOPLIST_KEY_UIApplicationSceneManifest_Generation = YES;
				INFOPLIST_KEY_UIApplicationSupportsIndirectInputEvents = YES;
				INFOPLIST_KEY_UILaunchScreen_Generation = YES;
				INFOPLIST_KEY_UISupportedInterfaceOrientations_iPad = "UIInterfaceOrientationPortrait UIInterfaceOrientationPortraitUpsideDown UIInterfaceOrientationLandscapeLeft UIInterfaceOrientationLandscapeRight";
				INFOPLIST_KEY_UISupportedInterfaceOrientations_iPhone = "UIInterfaceOrientationPortrait UIInterfaceOrientationLandscapeLeft UIInterfaceOrientationLandscapeRight";
				LD_RUNPATH_SEARCH_PATHS = (
					"$(inherited)",
					"@executable_path/Frameworks",
				);
				MARKETING_VERSION = 1.0;
				PRODUCT_BUNDLE_IDENTIFIER = "br.com.pocket.Pocket-Money";
				PRODUCT_NAME = "$(TARGET_NAME)";
				SWIFT_EMIT_LOC_STRINGS = YES;
				SWIFT_VERSION = 5.0;
				TARGETED_DEVICE_FAMILY = "1,2";
			};
			name = Release;
		};
/* End XCBuildConfiguration section */

/* Begin XCConfigurationList section */
		86A531D82A030F86003055A1 /* Build configuration list for PBXProject "Pocket Money" */ = {
			isa = XCConfigurationList;
			buildConfigurations = (
				86A531E92A030F86003055A1 /* Debug */,
				86A531EA2A030F86003055A1 /* Release */,
			);
			defaultConfigurationIsVisible = 0;
			defaultConfigurationName = Release;
		};
		86A531EB2A030F86003055A1 /* Build configuration list for PBXNativeTarget "Pocket Money" */ = {
			isa = XCConfigurationList;
			buildConfigurations = (
				86A531EC2A030F86003055A1 /* Debug */,
				86A531ED2A030F86003055A1 /* Release */,
			);
			defaultConfigurationIsVisible = 0;
			defaultConfigurationName = Release;
		};
/* End XCConfigurationList section */
	};
	rootObject = 86A531D52A030F86003055A1 /* Project object */;
}
